<?xml version="1.0" encoding="utf-8"?>
<Project ToolsVersion="4.0" xmlns="http://schemas.microsoft.com/developer/msbuild/2003">
  <ItemGroup>
    <Filter Include="log">
      <UniqueIdentifier>{02add21b-fe43-4f21-bdc6-9725c8e7375a}</UniqueIdentifier>
    </Filter>
    <Filter Include="prefix">
      <UniqueIdentifier>{e48131c6-7c30-44eb-8444-2c3c89c69e27}</UniqueIdentifier>
    </Filter>
    <Filter Include="sigleton">
      <UniqueIdentifier>{692d5d18-cbb2-4245-97bf-3867ac2a0c3a}</UniqueIdentifier>
    </Filter>
    <Filter Include="serialize">
      <UniqueIdentifier>{086d8998-c0d0-4a76-8bc1-63b9df38c81a}</UniqueIdentifier>
    </Filter>
    <Filter Include="serialize\ini">
      <UniqueIdentifier>{71733232-1b79-4644-936b-24f6a541a38c}</UniqueIdentifier>
    </Filter>
    <Filter Include="serialize\json">
      <UniqueIdentifier>{b68eadfc-90c1-45ad-bcc3-0197867e0cc2}</UniqueIdentifier>
    </Filter>
    <Filter Include="serialize\xml">
      <UniqueIdentifier>{da188587-3aec-475e-a40e-ffb3f9792076}</UniqueIdentifier>
    </Filter>
    <Filter Include="utils">
      <UniqueIdentifier>{33933a3d-c8d9-472f-9d55-f218ac82e273}</UniqueIdentifier>
    </Filter>
    <Filter Include="algorithm">
      <UniqueIdentifier>{3c64ba8c-b4cb-4d07-96b7-e1406c84b495}</UniqueIdentifier>
    </Filter>
    <Filter Include="net">
      <UniqueIdentifier>{c34b684e-5ef2-4b5a-a120-aa187496d910}</UniqueIdentifier>
    </Filter>
    <Filter Include="pool">
      <UniqueIdentifier>{0ce59d2e-e127-4c46-9ba7-398c4ca91e50}</UniqueIdentifier>
    </Filter>
    <Filter Include="pool\memory_pool">
      <UniqueIdentifier>{ed12e38d-b918-4a4f-8d31-80c46a2878a5}</UniqueIdentifier>
    </Filter>
  </ItemGroup>
  <ItemGroup>
    <ClCompile Include="..\..\..\src\log\log.cpp">
      <Filter>log</Filter>
    </ClCompile>
    <ClCompile Include="..\..\..\src\serialize\ini\parser.cpp">
      <Filter>serialize\ini</Filter>
    </ClCompile>
    <ClCompile Include="..\..\..\src\serialize\ini\ini.cpp">
      <Filter>serialize\ini</Filter>
    </ClCompile>
    <ClCompile Include="..\..\..\src\utils\debug.cpp">
      <Filter>utils</Filter>
    </ClCompile>
    <ClCompile Include="..\..\..\src\easy_tools.cpp" />
  </ItemGroup>
  <ItemGroup>
    <ClInclude Include="..\..\..\src\log\log.h">
      <Filter>log</Filter>
    </ClInclude>
    <ClInclude Include="..\..\..\src\easy_tools.h" />
    <ClInclude Include="..\..\..\src\prefix\keyword.h">
      <Filter>prefix</Filter>
    </ClInclude>
    <ClInclude Include="..\..\..\src\prefix\complier.h">
      <Filter>prefix</Filter>
    </ClInclude>
    <ClInclude Include="..\..\..\src\prefix\prefix.h">
      <Filter>prefix</Filter>
    </ClInclude>
    <ClInclude Include="..\..\..\src\log\log_prefix.h">
      <Filter>log</Filter>
    </ClInclude>
    <ClInclude Include="..\..\..\src\singleton\sigleton.h">
      <Filter>sigleton</Filter>
    </ClInclude>
    <ClInclude Include="..\..\..\src\serialize\ini\ini.h">
      <Filter>serialize\ini</Filter>
    </ClInclude>
    <ClInclude Include="..\..\..\src\serialize\ini\ini_prefix.h">
      <Filter>serialize\ini</Filter>
    </ClInclude>
    <ClInclude Include="..\..\..\src\serialize\ini\parser.h">
      <Filter>serialize\ini</Filter>
    </ClInclude>
    <ClInclude Include="..\..\..\src\utils\debug.h">
      <Filter>utils</Filter>
    </ClInclude>
    <ClInclude Include="..\..\..\src\algorithm\algorithm.h">
      <Filter>algorithm</Filter>
    </ClInclude>
    <ClInclude Include="..\..\..\src\algorithm\no_modifying_seq_operations.h">
      <Filter>algorithm</Filter>
    </ClInclude>
    <ClInclude Include="..\..\..\src\utils\utils_prefix.h">
      <Filter>utils</Filter>
    </ClInclude>
    <ClInclude Include="..\..\..\src\prefix\types.h">
      <Filter>prefix</Filter>
    </ClInclude>
    <ClInclude Include="..\..\..\src\utils\module.h">
      <Filter>utils</Filter>
    </ClInclude>
    <ClInclude Include="..\..\..\src\prefix\check.h">
      <Filter>prefix</Filter>
    </ClInclude>
  </ItemGroup>
</Project>