
Microsoft Visual Studio Solution File, Format Version 12.00
# Visual Studio Version 17
VisualStudioVersion = 17.1.32328.378
MinimumVisualStudioVersion = 10.0.40219.1
Project("{8BC9CEB8-8B4A-11D0-8D11-00A0C91BC942}") = "easy_tools", "easy_tools\easy_tools.vcxproj", "{357D0F09-A3D1-474D-BC61-43F904FD6C4F}"
EndProject
Project("{8BC9CEB8-8B4A-11D0-8D11-00A0C91BC942}") = "easy_tools_utest", "easy_tools_utest\easy_tools_utest.vcxproj", "{FE9BEFD6-FE0B-4B87-8415-57441D184FA5}"
	ProjectSection(ProjectDependencies) = postProject
		{357D0F09-A3D1-474D-BC61-43F904FD6C4F} = {357D0F09-A3D1-474D-BC61-43F904FD6C4F}
	EndProjectSection
EndProject
Global
	GlobalSection(SolutionConfigurationPlatforms) = preSolution
		Debug|x64 = Debug|x64
		Debug|x86 = Debug|x86
		Release|x64 = Release|x64
		Release|x86 = Release|x86
	EndGlobalSection
	GlobalSection(ProjectConfigurationPlatforms) = postSolution
		{357D0F09-A3D1-474D-BC61-43F904FD6C4F}.Debug|x64.ActiveCfg = Debug|x64
		{357D0F09-A3D1-474D-BC61-43F904FD6C4F}.Debug|x64.Build.0 = Debug|x64
		{357D0F09-A3D1-474D-BC61-43F904FD6C4F}.Debug|x86.ActiveCfg = Debug|Win32
		{357D0F09-A3D1-474D-BC61-43F904FD6C4F}.Debug|x86.Build.0 = Debug|Win32
		{357D0F09-A3D1-474D-BC61-43F904FD6C4F}.Release|x64.ActiveCfg = Release|x64
		{357D0F09-A3D1-474D-BC61-43F904FD6C4F}.Release|x64.Build.0 = Release|x64
		{357D0F09-A3D1-474D-BC61-43F904FD6C4F}.Release|x86.ActiveCfg = Release|Win32
		{357D0F09-A3D1-474D-BC61-43F904FD6C4F}.Release|x86.Build.0 = Release|Win32
		{FE9BEFD6-FE0B-4B87-8415-57441D184FA5}.Debug|x64.ActiveCfg = Debug|x64
		{FE9BEFD6-FE0B-4B87-8415-57441D184FA5}.Debug|x64.Build.0 = Debug|x64
		{FE9BEFD6-FE0B-4B87-8415-57441D184FA5}.Debug|x86.ActiveCfg = Debug|Win32
		{FE9BEFD6-FE0B-4B87-8415-57441D184FA5}.Debug|x86.Build.0 = Debug|Win32
		{FE9BEFD6-FE0B-4B87-8415-57441D184FA5}.Release|x64.ActiveCfg = Release|x64
		{FE9BEFD6-FE0B-4B87-8415-57441D184FA5}.Release|x64.Build.0 = Release|x64
		{FE9BEFD6-FE0B-4B87-8415-57441D184FA5}.Release|x86.ActiveCfg = Release|Win32
		{FE9BEFD6-FE0B-4B87-8415-57441D184FA5}.Release|x86.Build.0 = Release|Win32
	EndGlobalSection
	GlobalSection(SolutionProperties) = preSolution
		HideSolutionNode = FALSE
	EndGlobalSection
	GlobalSection(ExtensibilityGlobals) = postSolution
		SolutionGuid = {26BBDD8E-4F9A-4613-BFAE-3690E8960084}
	EndGlobalSection
EndGlobal
